// !$*UTF8*$!
{
	archiveVersion = 1;
	classes = {
	};
	objectVersion = 46;
	objects = {

/* Begin PBXBuildFile section */
		7B9831631BE90CB5006B019F /* main.m in Sources */ = {isa = PBXBuildFile; fileRef = 7B9831621BE90CB5006B019F /* main.m */; };
		7B9831661BE90CB5006B019F /* AppDelegate.m in Sources */ = {isa = PBXBuildFile; fileRef = 7B9831651BE90CB5006B019F /* AppDelegate.m */; };
		7B9831691BE90CB5006B019F /* ViewController.m in Sources */ = {isa = PBXBuildFile; fileRef = 7B9831681BE90CB5006B019F /* ViewController.m */; };
		7B98316C1BE90CB5006B019F /* Main.storyboard in Resources */ = {isa = PBXBuildFile; fileRef = 7B98316A1BE90CB5006B019F /* Main.storyboard */; };
		7B98316E1BE90CB5006B019F /* Assets.xcassets in Resources */ = {isa = PBXBuildFile; fileRef = 7B98316D1BE90CB5006B019F /* Assets.xcassets */; };
		7B9831711BE90CB5006B019F /* LaunchScreen.storyboard in Resources */ = {isa = PBXBuildFile; fileRef = 7B98316F1BE90CB5006B019F /* LaunchScreen.storyboard */; };
		7B98317C1BE90CB5006B019F /* Share_to_WhatsApp_iOSTests.m in Sources */ = {isa = PBXBuildFile; fileRef = 7B98317B1BE90CB5006B019F /* Share_to_WhatsApp_iOSTests.m */; };
		7B9831871BE90CB5006B019F /* Share_to_WhatsApp_iOSUITests.m in Sources */ = {isa = PBXBuildFile; fileRef = 7B9831861BE90CB5006B019F /* Share_to_WhatsApp_iOSUITests.m */; };
/* End PBXBuildFile section */

/* Begin PBXContainerItemProxy section */
		7B9831781BE90CB5006B019F /* PBXContainerItemProxy */ = {
			isa = PBXContainerItemProxy;
			containerPortal = 7B9831561BE90CB4006B019F /* Project object */;
			proxyType = 1;
			remoteGlobalIDString = 7B98315D1BE90CB5006B019F;
			remoteInfo = "Share to WhatsApp iOS";
		};
		7B9831831BE90CB5006B019F /* PBXContainerItemProxy */ = {
			isa = PBXContainerItemProxy;
			containerPortal = 7B9831561BE90CB4006B019F /* Project object */;
			proxyType = 1;
			remoteGlobalIDString = 7B98315D1BE90CB5006B019F;
			remoteInfo = "Share to WhatsApp iOS";
		};
/* End PBXContainerItemProxy section */

/* Begin PBXFileReference section */
		7B98315E1BE90CB5006B019F /* Share to WhatsApp iOS.app */ = {isa = PBXFileReference; explicitFileType = wrapper.application; includeInIndex = 0; path = "Share to WhatsApp iOS.app"; sourceTree = BUILT_PRODUCTS_DIR; };
		7B9831621BE90CB5006B019F /* main.m */ = {isa = PBXFileReference; lastKnownFileType = sourcecode.c.objc; path = main.m; sourceTree = "<group>"; };
		7B9831641BE90CB5006B019F /* AppDelegate.h */ = {isa = PBXFileReference; lastKnownFileType = sourcecode.c.h; path = AppDelegate.h; sourceTree = "<group>"; };
		7B9831651BE90CB5006B019F /* AppDelegate.m */ = {isa = PBXFileReference; lastKnownFileType = sourcecode.c.objc; path = AppDelegate.m; sourceTree = "<group>"; };
		7B9831671BE90CB5006B019F /* ViewController.h */ = {isa = PBXFileReference; lastKnownFileType = sourcecode.c.h; path = ViewController.h; sourceTree = "<group>"; };
		7B9831681BE90CB5006B019F /* ViewController.m */ = {isa = PBXFileReference; lastKnownFileType = sourcecode.c.objc; path = ViewController.m; sourceTree = "<group>"; };
		7B98316B1BE90CB5006B019F /* Base */ = {isa = PBXFileReference; lastKnownFileType = file.storyboard; name = Base; path = Base.lproj/Main.storyboard; sourceTree = "<group>"; };
		7B98316D1BE90CB5006B019F /* Assets.xcassets */ = {isa = PBXFileReference; lastKnownFileType = folder.assetcatalog; path = Assets.xcassets; sourceTree = "<group>"; };
		7B9831701BE90CB5006B019F /* Base */ = {isa = PBXFileReference; lastKnownFileType = file.storyboard; name = Base; path = Base.lproj/LaunchScreen.storyboard; sourceTree = "<group>"; };
		7B9831721BE90CB5006B019F /* Info.plist */ = {isa = PBXFileReference; lastKnownFileType = text.plist.xml; path = Info.plist; sourceTree = "<group>"; };
		7B9831771BE90CB5006B019F /* Share to WhatsApp iOSTests.xctest */ = {isa = PBXFileReference; explicitFileType = wrapper.cfbundle; includeInIndex = 0; path = "Share to WhatsApp iOSTests.xctest"; sourceTree = BUILT_PRODUCTS_DIR; };
		7B98317B1BE90CB5006B019F /* Share_to_WhatsApp_iOSTests.m */ = {isa = PBXFileReference; lastKnownFileType = sourcecode.c.objc; path = Share_to_WhatsApp_iOSTests.m; sourceTree = "<group>"; };
		7B98317D1BE90CB5006B019F /* Info.plist */ = {isa = PBXFileReference; lastKnownFileType = text.plist.xml; path = Info.plist; sourceTree = "<group>"; };
		7B9831821BE90CB5006B019F /* Share to WhatsApp iOSUITests.xctest */ = {isa = PBXFileReference; explicitFileType = wrapper.cfbundle; includeInIndex = 0; path = "Share to WhatsApp iOSUITests.xctest"; sourceTree = BUILT_PRODUCTS_DIR; };
		7B9831861BE90CB5006B019F /* Share_to_WhatsApp_iOSUITests.m */ = {isa = PBXFileReference; lastKnownFileType = sourcecode.c.objc; path = Share_to_WhatsApp_iOSUITests.m; sourceTree = "<group>"; };
		7B9831881BE90CB5006B019F /* Info.plist */ = {isa = PBXFileReference; lastKnownFileType = text.plist.xml; path = Info.plist; sourceTree = "<group>"; };
/* End PBXFileReference section */

/* Begin PBXFrameworksBuildPhase section */
		7B98315B1BE90CB5006B019F /* Frameworks */ = {
			isa = PBXFrameworksBuildPhase;
			buildActionMask = 2147483647;
			files = (
			);
			runOnlyForDeploymentPostprocessing = 0;
		};
		7B9831741BE90CB5006B019F /* Frameworks */ = {
			isa = PBXFrameworksBuildPhase;
			buildActionMask = 2147483647;
			files = (
			);
			runOnlyForDeploymentPostprocessing = 0;
		};
		7B98317F1BE90CB5006B019F /* Frameworks */ = {
			isa = PBXFrameworksBuildPhase;
			buildActionMask = 2147483647;
			files = (
			);
			runOnlyForDeploymentPostprocessing = 0;
		};
/* End PBXFrameworksBuildPhase section */

/* Begin PBXGroup section */
		7B9831551BE90CB4006B019F = {
			isa = PBXGroup;
			children = (
				7B9831601BE90CB5006B019F /* Share to WhatsApp iOS */,
				7B98317A1BE90CB5006B019F /* Share to WhatsApp iOSTests */,
				7B9831851BE90CB5006B019F /* Share to WhatsApp iOSUITests */,
				7B98315F1BE90CB5006B019F /* Products */,
			);
			sourceTree = "<group>";
		};
		7B98315F1BE90CB5006B019F /* Products */ = {
			isa = PBXGroup;
			children = (
				7B98315E1BE90CB5006B019F /* Share to WhatsApp iOS.app */,
				7B9831771BE90CB5006B019F /* Share to WhatsApp iOSTests.xctest */,
				7B9831821BE90CB5006B019F /* Share to WhatsApp iOSUITests.xctest */,
			);
			name = Products;
			sourceTree = "<group>";
		};
		7B9831601BE90CB5006B019F /* Share to WhatsApp iOS */ = {
			isa = PBXGroup;
			children = (
				7B9831941BE90CBF006B019F /* AppDelegate */,
				7B9831981BE90D2C006B019F /* Assets */,
				7B9831951BE90CE2006B019F /* Controller */,
				7B9831611BE90CB5006B019F /* Supporting Files */,
				7B9831961BE90CEC006B019F /* View */,
			);
			path = "Share to WhatsApp iOS";
			sourceTree = "<group>";
		};
		7B9831611BE90CB5006B019F /* Supporting Files */ = {
			isa = PBXGroup;
			children = (
				7B9831721BE90CB5006B019F /* Info.plist */,
				7B9831621BE90CB5006B019F /* main.m */,
			);
			name = "Supporting Files";
			sourceTree = "<group>";
		};
		7B98317A1BE90CB5006B019F /* Share to WhatsApp iOSTests */ = {
			isa = PBXGroup;
			children = (
				7B98317B1BE90CB5006B019F /* Share_to_WhatsApp_iOSTests.m */,
				7B98317D1BE90CB5006B019F /* Info.plist */,
			);
			path = "Share to WhatsApp iOSTests";
			sourceTree = "<group>";
		};
		7B9831851BE90CB5006B019F /* Share to WhatsApp iOSUITests */ = {
			isa = PBXGroup;
			children = (
				7B9831861BE90CB5006B019F /* Share_to_WhatsApp_iOSUITests.m */,
				7B9831881BE90CB5006B019F /* Info.plist */,
			);
			path = "Share to WhatsApp iOSUITests";
			sourceTree = "<group>";
		};
		7B9831941BE90CBF006B019F /* AppDelegate */ = {
			isa = PBXGroup;
			children = (
				7B9831641BE90CB5006B019F /* AppDelegate.h */,
				7B9831651BE90CB5006B019F /* AppDelegate.m */,
			);
			name = AppDelegate;
			sourceTree = "<group>";
		};
		7B9831951BE90CE2006B019F /* Controller */ = {
			isa = PBXGroup;
			children = (
				7B9831671BE90CB5006B019F /* ViewController.h */,
				7B9831681BE90CB5006B019F /* ViewController.m */,
			);
			name = Controller;
			sourceTree = "<group>";
		};
		7B9831961BE90CEC006B019F /* View */ = {
			isa = PBXGroup;
			children = (
				7B9831971BE90CF2006B019F /* Storyboard */,
			);
			name = View;
			sourceTree = "<group>";
		};
		7B9831971BE90CF2006B019F /* Storyboard */ = {
			isa = PBXGroup;
			children = (
				7B98316A1BE90CB5006B019F /* Main.storyboard */,
				7B98316F1BE90CB5006B019F /* LaunchScreen.storyboard */,
			);
			name = Storyboard;
			sourceTree = "<group>";
		};
		7B9831981BE90D2C006B019F /* Assets */ = {
			isa = PBXGroup;
			children = (
				7B98316D1BE90CB5006B019F /* Assets.xcassets */,
			);
			name = Assets;
			sourceTree = "<group>";
		};
/* End PBXGroup section */

/* Begin PBXNativeTarget section */
		7B98315D1BE90CB5006B019F /* Share to WhatsApp iOS */ = {
			isa = PBXNativeTarget;
			buildConfigurationList = 7B98318B1BE90CB5006B019F /* Build configuration list for PBXNativeTarget "Share to WhatsApp iOS" */;
			buildPhases = (
				7B98315A1BE90CB5006B019F /* Sources */,
				7B98315B1BE90CB5006B019F /* Frameworks */,
				7B98315C1BE90CB5006B019F /* Resources */,
			);
			buildRules = (
			);
			dependencies = (
			);
			name = "Share to WhatsApp iOS";
			productName = "Share to WhatsApp iOS";
			productReference = 7B98315E1BE90CB5006B019F /* Share to WhatsApp iOS.app */;
			productType = "com.apple.product-type.application";
		};
		7B9831761BE90CB5006B019F /* Share to WhatsApp iOSTests */ = {
			isa = PBXNativeTarget;
			buildConfigurationList = 7B98318E1BE90CB5006B019F /* Build configuration list for PBXNativeTarget "Share to WhatsApp iOSTests" */;
			buildPhases = (
				7B9831731BE90CB5006B019F /* Sources */,
				7B9831741BE90CB5006B019F /* Frameworks */,
				7B9831751BE90CB5006B019F /* Resources */,
			);
			buildRules = (
			);
			dependencies = (
				7B9831791BE90CB5006B019F /* PBXTargetDependency */,
			);
			name = "Share to WhatsApp iOSTests";
			productName = "Share to WhatsApp iOSTests";
			productReference = 7B9831771BE90CB5006B019F /* Share to WhatsApp iOSTests.xctest */;
			productType = "com.apple.product-type.bundle.unit-test";
		};
		7B9831811BE90CB5006B019F /* Share to WhatsApp iOSUITests */ = {
			isa = PBXNativeTarget;
			buildConfigurationList = 7B9831911BE90CB5006B019F /* Build configuration list for PBXNativeTarget "Share to WhatsApp iOSUITests" */;
			buildPhases = (
				7B98317E1BE90CB5006B019F /* Sources */,
				7B98317F1BE90CB5006B019F /* Frameworks */,
				7B9831801BE90CB5006B019F /* Resources */,
			);
			buildRules = (
			);
			dependencies = (
				7B9831841BE90CB5006B019F /* PBXTargetDependency */,
			);
			name = "Share to WhatsApp iOSUITests";
			productName = "Share to WhatsApp iOSUITests";
			productReference = 7B9831821BE90CB5006B019F /* Share to WhatsApp iOSUITests.xctest */;
			productType = "com.apple.product-type.bundle.ui-testing";
		};
/* End PBXNativeTarget section */

/* Begin PBXProject section */
		7B9831561BE90CB4006B019F /* Project object */ = {
			isa = PBXProject;
			attributes = {
				LastUpgradeCheck = 0710;
				ORGANIZATIONNAME = "Jhonathan Wyterlin";
				TargetAttributes = {
					7B98315D1BE90CB5006B019F = {
						CreatedOnToolsVersion = 7.1;
					};
					7B9831761BE90CB5006B019F = {
						CreatedOnToolsVersion = 7.1;
						TestTargetID = 7B98315D1BE90CB5006B019F;
					};
					7B9831811BE90CB5006B019F = {
						CreatedOnToolsVersion = 7.1;
						TestTargetID = 7B98315D1BE90CB5006B019F;
					};
				};
			};
			buildConfigurationList = 7B9831591BE90CB5006B019F /* Build configuration list for PBXProject "Share to WhatsApp iOS" */;
			compatibilityVersion = "Xcode 3.2";
			developmentRegion = English;
			hasScannedForEncodings = 0;
			knownRegions = (
				en,
				Base,
			);
			mainGroup = 7B9831551BE90CB4006B019F;
			productRefGroup = 7B98315F1BE90CB5006B019F /* Products */;
			projectDirPath = "";
			projectRoot = "";
			targets = (
				7B98315D1BE90CB5006B019F /* Share to WhatsApp iOS */,
				7B9831761BE90CB5006B019F /* Share to WhatsApp iOSTests */,
				7B9831811BE90CB5006B019F /* Share to WhatsApp iOSUITests */,
			);
		};
/* End PBXProject section */

/* Begin PBXResourcesBuildPhase section */
		7B98315C1BE90CB5006B019F /* Resources */ = {
			isa = PBXResourcesBuildPhase;
			buildActionMask = 2147483647;
			files = (
				7B9831711BE90CB5006B019F /* LaunchScreen.storyboard in Resources */,
				7B98316E1BE90CB5006B019F /* Assets.xcassets in Resources */,
				7B98316C1BE90CB5006B019F /* Main.storyboard in Resources */,
			);
			runOnlyForDeploymentPostprocessing = 0;
		};
		7B9831751BE90CB5006B019F /* Resources */ = {
			isa = PBXResourcesBuildPhase;
			buildActionMask = 2147483647;
			files = (
			);
			runOnlyForDeploymentPostprocessing = 0;
		};
		7B9831801BE90CB5006B019F /* Resources */ = {
			isa = PBXResourcesBuildPhase;
			buildActionMask = 2147483647;
			files = (
			);
			runOnlyForDeploymentPostprocessing = 0;
		};
/* End PBXResourcesBuildPhase section */

/* Begin PBXSourcesBuildPhase section */
		7B98315A1BE90CB5006B019F /* Sources */ = {
			isa = PBXSourcesBuildPhase;
			buildActionMask = 2147483647;
			files = (
				7B9831691BE90CB5006B019F /* ViewController.m in Sources */,
				7B9831661BE90CB5006B019F /* AppDelegate.m in Sources */,
				7B9831631BE90CB5006B019F /* main.m in Sources */,
			);
			runOnlyForDeploymentPostprocessing = 0;
		};
		7B9831731BE90CB5006B019F /* Sources */ = {
			isa = PBXSourcesBuildPhase;
			buildActionMask = 2147483647;
			files = (
				7B98317C1BE90CB5006B019F /* Share_to_WhatsApp_iOSTests.m in Sources */,
			);
			runOnlyForDeploymentPostprocessing = 0;
		};
		7B98317E1BE90CB5006B019F /* Sources */ = {
			isa = PBXSourcesBuildPhase;
			buildActionMask = 2147483647;
			files = (
				7B9831871BE90CB5006B019F /* Share_to_WhatsApp_iOSUITests.m in Sources */,
			);
			runOnlyForDeploymentPostprocessing = 0;
		};
/* End PBXSourcesBuildPhase section */

/* Begin PBXTargetDependency section */
		7B9831791BE90CB5006B019F /* PBXTargetDependency */ = {
			isa = PBXTargetDependency;
			target = 7B98315D1BE90CB5006B019F /* Share to WhatsApp iOS */;
			targetProxy = 7B9831781BE90CB5006B019F /* PBXContainerItemProxy */;
		};
		7B9831841BE90CB5006B019F /* PBXTargetDependency */ = {
			isa = PBXTargetDependency;
			target = 7B98315D1BE90CB5006B019F /* Share to WhatsApp iOS */;
			targetProxy = 7B9831831BE90CB5006B019F /* PBXContainerItemProxy */;
		};
/* End PBXTargetDependency section */

/* Begin PBXVariantGroup section */
		7B98316A1BE90CB5006B019F /* Main.storyboard */ = {
			isa = PBXVariantGroup;
			children = (
				7B98316B1BE90CB5006B019F /* Base */,
			);
			name = Main.storyboard;
			sourceTree = "<group>";
		};
		7B98316F1BE90CB5006B019F /* LaunchScreen.storyboard */ = {
			isa = PBXVariantGroup;
			children = (
				7B9831701BE90CB5006B019F /* Base */,
			);
			name = LaunchScreen.storyboard;
			sourceTree = "<group>";
		};
/* End PBXVariantGroup section */

/* Begin XCBuildConfiguration section */
		7B9831891BE90CB5006B019F /* Debug */ = {
			isa = XCBuildConfiguration;
			buildSettings = {
				ALWAYS_SEARCH_USER_PATHS = NO;
				CLANG_CXX_LANGUAGE_STANDARD = "gnu++0x";
				CLANG_CXX_LIBRARY = "libc++";
				CLANG_ENABLE_MODULES = YES;
				CLANG_ENABLE_OBJC_ARC = YES;
				CLANG_WARN_BOOL_CONVERSION = YES;
				CLANG_WARN_CONSTANT_CONVERSION = YES;
				CLANG_WARN_DIRECT_OBJC_ISA_USAGE = YES_ERROR;
				CLANG_WARN_EMPTY_BODY = YES;
				CLANG_WARN_ENUM_CONVERSION = YES;
				CLANG_WARN_INT_CONVERSION = YES;
				CLANG_WARN_OBJC_ROOT_CLASS = YES_ERROR;
				CLANG_WARN_UNREACHABLE_CODE = YES;
				CLANG_WARN__DUPLICATE_METHOD_MATCH = YES;
				"CODE_SIGN_IDENTITY[sdk=iphoneos*]" = "iPhone Developer";
				COPY_PHASE_STRIP = NO;
				DEBUG_INFORMATION_FORMAT = dwarf;
				ENABLE_STRICT_OBJC_MSGSEND = YES;
				ENABLE_TESTABILITY = YES;
				GCC_C_LANGUAGE_STANDARD = gnu99;
				GCC_DYNAMIC_NO_PIC = NO;
				GCC_NO_COMMON_BLOCKS = YES;
				GCC_OPTIMIZATION_LEVEL = 0;
				GCC_PREPROCESSOR_DEFINITIONS = (
					"DEBUG=1",
					"$(inherited)",
				);
				GCC_WARN_64_TO_32_BIT_CONVERSION = YES;
				GCC_WARN_ABOUT_RETURN_TYPE = YES_ERROR;
				GCC_WARN_UNDECLARED_SELECTOR = YES;
				GCC_WARN_UNINITIALIZED_AUTOS = YES_AGGRESSIVE;
				GCC_WARN_UNUSED_FUNCTION = YES;
				GCC_WARN_UNUSED_VARIABLE = YES;
				IPHONEOS_DEPLOYMENT_TARGET = 9.1;
				MTL_ENABLE_DEBUG_INFO = YES;
				ONLY_ACTIVE_ARCH = YES;
				SDKROOT = iphoneos;
			};
			name = Debug;
		};
		7B98318A1BE90CB5006B019F /* Release */ = {
			isa = XCBuildConfiguration;
			buildSettings = {
				ALWAYS_SEARCH_USER_PATHS = NO;
				CLANG_CXX_LANGUAGE_STANDARD = "gnu++0x";
				CLANG_CXX_LIBRARY = "libc++";
				CLANG_ENABLE_MODULES = YES;
				CLANG_ENABLE_OBJC_ARC = YES;
				CLANG_WARN_BOOL_CONVERSION = YES;
				CLANG_WARN_CONSTANT_CONVERSION = YES;
				CLANG_WARN_DIRECT_OBJC_ISA_USAGE = YES_ERROR;
				CLANG_WARN_EMPTY_BODY = YES;
				CLANG_WARN_ENUM_CONVERSION = YES;
				CLANG_WARN_INT_CONVERSION = YES;
				CLANG_WARN_OBJC_ROOT_CLASS = YES_ERROR;
				CLANG_WARN_UNREACHABLE_CODE = YES;
				CLANG_WARN__DUPLICATE_METHOD_MATCH = YES;
				"CODE_SIGN_IDENTITY[sdk=iphoneos*]" = "iPhone Developer";
				COPY_PHASE_STRIP = NO;
				DEBUG_INFORMATION_FORMAT = "dwarf-with-dsym";
				ENABLE_NS_ASSERTIONS = NO;
				ENABLE_STRICT_OBJC_MSGSEND = YES;
				GCC_C_LANGUAGE_STANDARD = gnu99;
				GCC_NO_COMMON_BLOCKS = YES;
				GCC_WARN_64_TO_32_BIT_CONVERSION = YES;
				GCC_WARN_ABOUT_RETURN_TYPE = YES_ERROR;
				GCC_WARN_UNDECLARED_SELECTOR = YES;
				GCC_WARN_UNINITIALIZED_AUTOS = YES_AGGRESSIVE;
				GCC_WARN_UNUSED_FUNCTION = YES;
				GCC_WARN_UNUSED_VARIABLE = YES;
				IPHONEOS_DEPLOYMENT_TARGET = 9.1;
				MTL_ENABLE_DEBUG_INFO = NO;
				SDKROOT = iphoneos;
				VALIDATE_PRODUCT = YES;
			};
			name = Release;
		};
		7B98318C1BE90CB5006B019F /* Debug */ = {
			isa = XCBuildConfiguration;
			buildSettings = {
				ASSETCATALOG_COMPILER_APPICON_NAME = AppIcon;
				INFOPLIST_FILE = "Share to WhatsApp iOS/Info.plist";
				LD_RUNPATH_SEARCH_PATHS = "$(inherited) @executable_path/Frameworks";
				PRODUCT_BUNDLE_IDENTIFIER = "com.jhonathan.Share-to-WhatsApp-iOS";
				PRODUCT_NAME = "$(TARGET_NAME)";
			};
			name = Debug;
		};
		7B98318D1BE90CB5006B019F /* Release */ = {
			isa = XCBuildConfiguration;
			buildSettings = {
				ASSETCATALOG_COMPILER_APPICON_NAME = AppIcon;
				INFOPLIST_FILE = "Share to WhatsApp iOS/Info.plist";
				LD_RUNPATH_SEARCH_PATHS = "$(inherited) @executable_path/Frameworks";
				PRODUCT_BUNDLE_IDENTIFIER = "com.jhonathan.Share-to-WhatsApp-iOS";
				PRODUCT_NAME = "$(TARGET_NAME)";
			};
			name = Release;
		};
		7B98318F1BE90CB5006B019F /* Debug */ = {
			isa = XCBuildConfiguration;
			buildSettings = {
				BUNDLE_LOADER = "$(TEST_HOST)";
				INFOPLIST_FILE = "Share to WhatsApp iOSTests/Info.plist";
				LD_RUNPATH_SEARCH_PATHS = "$(inherited) @executable_path/Frameworks @loader_path/Frameworks";
				PRODUCT_BUNDLE_IDENTIFIER = "com.jhonathan.Share-to-WhatsApp-iOSTests";
				PRODUCT_NAME = "$(TARGET_NAME)";
				TEST_HOST = "$(BUILT_PRODUCTS_DIR)/Share to WhatsApp iOS.app/Share to WhatsApp iOS";
			};
			name = Debug;
		};
		7B9831901BE90CB5006B019F /* Release */ = {
			isa = XCBuildConfiguration;
			buildSettings = {
				BUNDLE_LOADER = "$(TEST_HOST)";
				INFOPLIST_FILE = "Share to WhatsApp iOSTests/Info.plist";
				LD_RUNPATH_SEARCH_PATHS = "$(inherited) @executable_path/Frameworks @loader_path/Frameworks";
				PRODUCT_BUNDLE_IDENTIFIER = "com.jhonathan.Share-to-WhatsApp-iOSTests";
				PRODUCT_NAME = "$(TARGET_NAME)";
				TEST_HOST = "$(BUILT_PRODUCTS_DIR)/Share to WhatsApp iOS.app/Share to WhatsApp iOS";
			};
			name = Release;
		};
		7B9831921BE90CB5006B019F /* Debug */ = {
			isa = XCBuildConfiguration;
			buildSettings = {
				INFOPLIST_FILE = "Share to WhatsApp iOSUITests/Info.plist";
				LD_RUNPATH_SEARCH_PATHS = "$(inherited) @executable_path/Frameworks @loader_path/Frameworks";
				PRODUCT_BUNDLE_IDENTIFIER = "com.jhonathan.Share-to-WhatsApp-iOSUITests";
				PRODUCT_NAME = "$(TARGET_NAME)";
				TEST_TARGET_NAME = "Share to WhatsApp iOS";
				USES_XCTRUNNER = YES;
			};
			name = Debug;
		};
		7B9831931BE90CB5006B019F /* Release */ = {
			isa = XCBuildConfiguration;
			buildSettings = {
				INFOPLIST_FILE = "Share to WhatsApp iOSUITests/Info.plist";
				LD_RUNPATH_SEARCH_PATHS = "$(inherited) @executable_path/Frameworks @loader_path/Frameworks";
				PRODUCT_BUNDLE_IDENTIFIER = "com.jhonathan.Share-to-WhatsApp-iOSUITests";
				PRODUCT_NAME = "$(TARGET_NAME)";
				TEST_TARGET_NAME = "Share to WhatsApp iOS";
				USES_XCTRUNNER = YES;
			};
			name = Release;
		};
/* End XCBuildConfiguration section */

/* Begin XCConfigurationList section */
		7B9831591BE90CB5006B019F /* Build configuration list for PBXProject "Share to WhatsApp iOS" */ = {
			isa = XCConfigurationList;
			buildConfigurations = (
				7B9831891BE90CB5006B019F /* Debug */,
				7B98318A1BE90CB5006B019F /* Release */,
			);
			defaultConfigurationIsVisible = 0;
			defaultConfigurationName = Release;
		};
		7B98318B1BE90CB5006B019F /* Build configuration list for PBXNativeTarget "Share to WhatsApp iOS" */ = {
			isa = XCConfigurationList;
			buildConfigurations = (
				7B98318C1BE90CB5006B019F /* Debug */,
				7B98318D1BE90CB5006B019F /* Release */,
			);
			defaultConfigurationIsVisible = 0;
		};
		7B98318E1BE90CB5006B019F /* Build configuration list for PBXNativeTarget "Share to WhatsApp iOSTests" */ = {
			isa = XCConfigurationList;
			buildConfigurations = (
				7B98318F1BE90CB5006B019F /* Debug */,
				7B9831901BE90CB5006B019F /* Release */,
			);
			defaultConfigurationIsVisible = 0;
		};
		7B9831911BE90CB5006B019F /* Build configuration list for PBXNativeTarget "Share to WhatsApp iOSUITests" */ = {
			isa = XCConfigurationList;
			buildConfigurations = (
				7B9831921BE90CB5006B019F /* Debug */,
				7B9831931BE90CB5006B019F /* Release */,
			);
			defaultConfigurationIsVisible = 0;
		};
/* End XCConfigurationList section */
	};
	rootObject = 7B9831561BE90CB4006B019F /* Project object */;
}
